// !$*UTF8*$!
{
	archiveVersion = 1;
	classes = {
	};
	objectVersion = 46;
	objects = {

/* Begin PBXBuildFile section */
		320085B31DC9FBC500CF04C4 /* Rational.cpp in Sources */ = {isa = PBXBuildFile; fileRef = 320085B11DC9FBC500CF04C4 /* Rational.cpp */; };
		3205BCBA1DDC938D005ADC89 /* Rational.cpp in Sources */ = {isa = PBXBuildFile; fileRef = 320085B11DC9FBC500CF04C4 /* Rational.cpp */; };
		3205BCBC1DDC938D005ADC89 /* Run.cpp in Sources */ = {isa = PBXBuildFile; fileRef = 3215A7A01DBE5CCC00C2D868 /* Run.cpp */; };
		3205BCBE1DDC938D005ADC89 /* DurationList.cpp in Sources */ = {isa = PBXBuildFile; fileRef = 32E1F2E51DCA47BE00A1782C /* DurationList.cpp */; };
		3205BCC21DDC938D005ADC89 /* ValueWTA.cpp in Sources */ = {isa = PBXBuildFile; fileRef = 326133471DDB5D4C0031F903 /* ValueWTA.cpp */; };
		3205BCC41DDC938D005ADC89 /* Weight.cpp in Sources */ = {isa = PBXBuildFile; fileRef = 32EBB0AD1DA3B36F00D2CBA8 /* Weight.cpp */; };
		3205BCC51DDC938D005ADC89 /* WTA.cpp in Sources */ = {isa = PBXBuildFile; fileRef = 325121541DA4065600D2C789 /* WTA.cpp */; };
		3215A7A21DBE5CCC00C2D868 /* Run.cpp in Sources */ = {isa = PBXBuildFile; fileRef = 3215A7A01DBE5CCC00C2D868 /* Run.cpp */; };
		323C42561DB40F960037D0B1 /* ComboWTA.cpp in Sources */ = {isa = PBXBuildFile; fileRef = 323C42541DB40F960037D0B1 /* ComboWTA.cpp */; };
		324C96D41DD0DC960076F966 /* SubdivisionSchema.cpp in Sources */ = {isa = PBXBuildFile; fileRef = 324C96D21DD0DC960076F966 /* SubdivisionSchema.cpp */; };
		324E4EBF1D9FC3B100114F39 /* qparse.cpp in Sources */ = {isa = PBXBuildFile; fileRef = 324E4EBE1D9FC3B100114F39 /* qparse.cpp */; };
		325121561DA4065600D2C789 /* WTA.cpp in Sources */ = {isa = PBXBuildFile; fileRef = 325121541DA4065600D2C789 /* WTA.cpp */; };
		3251215C1DA40E4800D2C789 /* Distance.cpp in Sources */ = {isa = PBXBuildFile; fileRef = 3251215A1DA40E4800D2C789 /* Distance.cpp */; };
		325F85B21DDCC7490053A732 /* RT.cpp in Sources */ = {isa = PBXBuildFile; fileRef = 325F85B01DDCC7490053A732 /* RT.cpp */; };
		325F85B31DDCCF9D0053A732 /* RT.cpp in Sources */ = {isa = PBXBuildFile; fileRef = 325F85B01DDCC7490053A732 /* RT.cpp */; };
		3262BBDA1DA63E7200796318 /* Segment.cpp in Sources */ = {isa = PBXBuildFile; fileRef = 3262BBD81DA63E7200796318 /* Segment.cpp */; };
		3262BBE01DA6415900796318 /* Event.cpp in Sources */ = {isa = PBXBuildFile; fileRef = 3262BBDE1DA6415900796318 /* Event.cpp */; };
		327AEFDF1DD8C34F005354D8 /* Complexity.cpp in Sources */ = {isa = PBXBuildFile; fileRef = 327AEFDD1DD8C34F005354D8 /* Complexity.cpp */; };
		3291851E1DBE1DD2008FFE31 /* Label.cpp in Sources */ = {isa = PBXBuildFile; fileRef = 3291851C1DBE1DD2008FFE31 /* Label.cpp */; };
		32C08BF51DDC9A830097158D /* equiv.cpp in Sources */ = {isa = PBXBuildFile; fileRef = 32C08BF31DDC9A6F0097158D /* equiv.cpp */; };
		32C08BF61DDCB0540097158D /* Label.cpp in Sources */ = {isa = PBXBuildFile; fileRef = 3291851C1DBE1DD2008FFE31 /* Label.cpp */; };
		32D939661DA4F868004497D2 /* Path.cpp in Sources */ = {isa = PBXBuildFile; fileRef = 32D939641DA4F867004497D2 /* Path.cpp */; };
		32E1F2E71DCA47BE00A1782C /* DurationList.cpp in Sources */ = {isa = PBXBuildFile; fileRef = 32E1F2E51DCA47BE00A1782C /* DurationList.cpp */; };
		32E7120C1DDDB13F00FC1D64 /* Label.cpp in Sources */ = {isa = PBXBuildFile; fileRef = 3291851C1DBE1DD2008FFE31 /* Label.cpp */; };
		32E7120D1DDDB13F00FC1D64 /* Rational.cpp in Sources */ = {isa = PBXBuildFile; fileRef = 320085B11DC9FBC500CF04C4 /* Rational.cpp */; };
		32E7120E1DDDB13F00FC1D64 /* Run.cpp in Sources */ = {isa = PBXBuildFile; fileRef = 3215A7A01DBE5CCC00C2D868 /* Run.cpp */; };
		32E7120F1DDDB13F00FC1D64 /* Complexity.cpp in Sources */ = {isa = PBXBuildFile; fileRef = 327AEFDD1DD8C34F005354D8 /* Complexity.cpp */; };
		32E712101DDDB13F00FC1D64 /* DurationList.cpp in Sources */ = {isa = PBXBuildFile; fileRef = 32E1F2E51DCA47BE00A1782C /* DurationList.cpp */; };
		32E712111DDDB13F00FC1D64 /* RT.cpp in Sources */ = {isa = PBXBuildFile; fileRef = 325F85B01DDCC7490053A732 /* RT.cpp */; };
		32E712121DDDB13F00FC1D64 /* Event.cpp in Sources */ = {isa = PBXBuildFile; fileRef = 3262BBDE1DA6415900796318 /* Event.cpp */; };
		32E712131DDDB13F00FC1D64 /* SubdivisionSchema.cpp in Sources */ = {isa = PBXBuildFile; fileRef = 324C96D21DD0DC960076F966 /* SubdivisionSchema.cpp */; };
		32E712151DDDB13F00FC1D64 /* Weight.cpp in Sources */ = {isa = PBXBuildFile; fileRef = 32EBB0AD1DA3B36F00D2CBA8 /* Weight.cpp */; };
		32E712161DDDB13F00FC1D64 /* WTA.cpp in Sources */ = {isa = PBXBuildFile; fileRef = 325121541DA4065600D2C789 /* WTA.cpp */; };
		32E712221DDDB1AA00FC1D64 /* schemas.cpp in Sources */ = {isa = PBXBuildFile; fileRef = 32E712211DDDB1AA00FC1D64 /* schemas.cpp */; };
		32E712231DDDB1DD00FC1D64 /* schemas.cpp in Sources */ = {isa = PBXBuildFile; fileRef = 32E712211DDDB1AA00FC1D64 /* schemas.cpp */; };
		32EBB0AF1DA3B36F00D2CBA8 /* Weight.cpp in Sources */ = {isa = PBXBuildFile; fileRef = 32EBB0AD1DA3B36F00D2CBA8 /* Weight.cpp */; };
/* End PBXBuildFile section */

/* Begin PBXCopyFilesBuildPhase section */
		3205BCCA1DDC938D005ADC89 /* CopyFiles */ = {
			isa = PBXCopyFilesBuildPhase;
			buildActionMask = 2147483647;
			dstPath = /usr/share/man/man1/;
			dstSubfolderSpec = 0;
			files = (
			);
			runOnlyForDeploymentPostprocessing = 1;
		};
		324E4EB91D9FC3B000114F39 /* CopyFiles */ = {
			isa = PBXCopyFilesBuildPhase;
			buildActionMask = 2147483647;
			dstPath = /usr/share/man/man1/;
			dstSubfolderSpec = 0;
			files = (
			);
			runOnlyForDeploymentPostprocessing = 1;
		};
		32E7121C1DDDB13F00FC1D64 /* CopyFiles */ = {
			isa = PBXCopyFilesBuildPhase;
			buildActionMask = 2147483647;
			dstPath = /usr/share/man/man1/;
			dstSubfolderSpec = 0;
			files = (
			);
			runOnlyForDeploymentPostprocessing = 1;
		};
/* End PBXCopyFilesBuildPhase section */

/* Begin PBXFileReference section */
		320085B11DC9FBC500CF04C4 /* Rational.cpp */ = {isa = PBXFileReference; fileEncoding = 4; lastKnownFileType = sourcecode.cpp.cpp; name = Rational.cpp; path = ../src/Output/Rational.cpp; sourceTree = "<group>"; };
		320085B21DC9FBC500CF04C4 /* Rational.hpp */ = {isa = PBXFileReference; fileEncoding = 4; lastKnownFileType = sourcecode.cpp.h; name = Rational.hpp; path = ../src/Output/Rational.hpp; sourceTree = "<group>"; };
		3205BCA61DDC92CD005ADC89 /* NotificationCenter.framework */ = {isa = PBXFileReference; lastKnownFileType = wrapper.framework; name = NotificationCenter.framework; path = System/Library/Frameworks/NotificationCenter.framework; sourceTree = SDKROOT; };
		3205BCCE1DDC938D005ADC89 /* equiv */ = {isa = PBXFileReference; explicitFileType = "compiled.mach-o.executable"; includeInIndex = 0; path = equiv; sourceTree = BUILT_PRODUCTS_DIR; };
		320D8B691DBAA81A00767573 /* Kbest.hpp */ = {isa = PBXFileReference; fileEncoding = 4; lastKnownFileType = sourcecode.cpp.h; name = Kbest.hpp; path = src/Kbest/Kbest.hpp; sourceTree = SOURCE_ROOT; };
		3215A7A01DBE5CCC00C2D868 /* Run.cpp */ = {isa = PBXFileReference; fileEncoding = 4; lastKnownFileType = sourcecode.cpp.cpp; name = Run.cpp; path = src/Kbest/Run.cpp; sourceTree = SOURCE_ROOT; };
		3215A7A11DBE5CCC00C2D868 /* Run.hpp */ = {isa = PBXFileReference; fileEncoding = 4; lastKnownFileType = sourcecode.cpp.h; name = Run.hpp; path = src/Kbest/Run.hpp; sourceTree = SOURCE_ROOT; };
		3234444A1DBA62E20066FBDC /* CONSTANT.h */ = {isa = PBXFileReference; lastKnownFileType = sourcecode.c.h; name = CONSTANT.h; path = ../src/CONSTANT.h; sourceTree = "<group>"; };
		323C42541DB40F960037D0B1 /* ComboWTA.cpp */ = {isa = PBXFileReference; fileEncoding = 4; lastKnownFileType = sourcecode.cpp.cpp; name = ComboWTA.cpp; path = ../src/Schemata/ComboWTA.cpp; sourceTree = "<group>"; };
		323C42551DB40F960037D0B1 /* ComboWTA.hpp */ = {isa = PBXFileReference; fileEncoding = 4; lastKnownFileType = sourcecode.cpp.h; name = ComboWTA.hpp; path = ../src/Schemata/ComboWTA.hpp; sourceTree = "<group>"; };
		324C96D21DD0DC960076F966 /* SubdivisionSchema.cpp */ = {isa = PBXFileReference; fileEncoding = 4; lastKnownFileType = sourcecode.cpp.cpp; name = SubdivisionSchema.cpp; path = ../src/Schemata/SubdivisionSchema.cpp; sourceTree = "<group>"; };
		324C96D31DD0DC960076F966 /* SubdivisionSchema.hpp */ = {isa = PBXFileReference; fileEncoding = 4; lastKnownFileType = sourcecode.cpp.h; name = SubdivisionSchema.hpp; path = ../src/Schemata/SubdivisionSchema.hpp; sourceTree = "<group>"; };
		324E4EBB1D9FC3B100114F39 /* qparse */ = {isa = PBXFileReference; explicitFileType = "compiled.mach-o.executable"; includeInIndex = 0; path = qparse; sourceTree = BUILT_PRODUCTS_DIR; };
		324E4EBE1D9FC3B100114F39 /* qparse.cpp */ = {isa = PBXFileReference; lastKnownFileType = sourcecode.cpp.cpp; name = qparse.cpp; path = qparse/qparse.cpp; sourceTree = "<group>"; };
		325121541DA4065600D2C789 /* WTA.cpp */ = {isa = PBXFileReference; fileEncoding = 4; lastKnownFileType = sourcecode.cpp.cpp; name = WTA.cpp; path = ../src/Schemata/WTA.cpp; sourceTree = "<group>"; };
		325121551DA4065600D2C789 /* WTA.hpp */ = {isa = PBXFileReference; fileEncoding = 4; lastKnownFileType = sourcecode.cpp.h; name = WTA.hpp; path = ../src/Schemata/WTA.hpp; sourceTree = "<group>"; };
		3251215A1DA40E4800D2C789 /* Distance.cpp */ = {isa = PBXFileReference; fileEncoding = 4; lastKnownFileType = sourcecode.cpp.cpp; name = Distance.cpp; path = src/Input/Distance.cpp; sourceTree = SOURCE_ROOT; };
		3251215B1DA40E4800D2C789 /* Distance.hpp */ = {isa = PBXFileReference; fileEncoding = 4; lastKnownFileType = sourcecode.cpp.h; name = Distance.hpp; path = src/Input/Distance.hpp; sourceTree = SOURCE_ROOT; };
		325F85B01DDCC7490053A732 /* RT.cpp */ = {isa = PBXFileReference; fileEncoding = 4; lastKnownFileType = sourcecode.cpp.cpp; name = RT.cpp; path = src/Output/RT.cpp; sourceTree = SOURCE_ROOT; };
		325F85B11DDCC7490053A732 /* RT.hpp */ = {isa = PBXFileReference; fileEncoding = 4; lastKnownFileType = sourcecode.cpp.h; name = RT.hpp; path = src/Output/RT.hpp; sourceTree = SOURCE_ROOT; };
		326133471DDB5D4C0031F903 /* ValueWTA.cpp */ = {isa = PBXFileReference; fileEncoding = 4; lastKnownFileType = sourcecode.cpp.cpp; name = ValueWTA.cpp; path = src/Schemata/ValueWTA.cpp; sourceTree = SOURCE_ROOT; };
		326133481DDB5D4C0031F903 /* ValueWTA.hpp */ = {isa = PBXFileReference; fileEncoding = 4; lastKnownFileType = sourcecode.cpp.h; name = ValueWTA.hpp; path = src/Schemata/ValueWTA.hpp; sourceTree = SOURCE_ROOT; };
		3262BBD81DA63E7200796318 /* Segment.cpp */ = {isa = PBXFileReference; fileEncoding = 4; lastKnownFileType = sourcecode.cpp.cpp; name = Segment.cpp; path = src/Input/Segment.cpp; sourceTree = SOURCE_ROOT; };
		3262BBD91DA63E7200796318 /* Segment.hpp */ = {isa = PBXFileReference; fileEncoding = 4; lastKnownFileType = sourcecode.cpp.h; name = Segment.hpp; path = src/Input/Segment.hpp; sourceTree = SOURCE_ROOT; };
		3262BBDE1DA6415900796318 /* Event.cpp */ = {isa = PBXFileReference; fileEncoding = 4; lastKnownFileType = sourcecode.cpp.cpp; name = Event.cpp; path = src/Input/Event.cpp; sourceTree = SOURCE_ROOT; };
		3262BBDF1DA6415900796318 /* Event.hpp */ = {isa = PBXFileReference; fileEncoding = 4; lastKnownFileType = sourcecode.cpp.h; name = Event.hpp; path = src/Input/Event.hpp; sourceTree = SOURCE_ROOT; };
		327AEFDD1DD8C34F005354D8 /* Complexity.cpp */ = {isa = PBXFileReference; fileEncoding = 4; lastKnownFileType = sourcecode.cpp.cpp; name = Complexity.cpp; path = src/Schemata/Complexity.cpp; sourceTree = SOURCE_ROOT; };
		327AEFDE1DD8C34F005354D8 /* Complexity.hpp */ = {isa = PBXFileReference; fileEncoding = 4; lastKnownFileType = sourcecode.cpp.h; name = Complexity.hpp; path = src/Schemata/Complexity.hpp; sourceTree = SOURCE_ROOT; };
		3291851C1DBE1DD2008FFE31 /* Label.cpp */ = {isa = PBXFileReference; fileEncoding = 4; lastKnownFileType = sourcecode.cpp.cpp; name = Label.cpp; path = ../src/Output/Label.cpp; sourceTree = "<group>"; };
		3291851D1DBE1DD2008FFE31 /* Label.hpp */ = {isa = PBXFileReference; fileEncoding = 4; lastKnownFileType = sourcecode.cpp.h; name = Label.hpp; path = ../src/Output/Label.hpp; sourceTree = "<group>"; };
		32C08BF31DDC9A6F0097158D /* equiv.cpp */ = {isa = PBXFileReference; fileEncoding = 4; lastKnownFileType = sourcecode.cpp.cpp; name = equiv.cpp; path = equiv/equiv.cpp; sourceTree = "<group>"; };
		32D939641DA4F867004497D2 /* Path.cpp */ = {isa = PBXFileReference; fileEncoding = 4; lastKnownFileType = sourcecode.cpp.cpp; name = Path.cpp; path = src/Input/Path.cpp; sourceTree = SOURCE_ROOT; };
		32D939651DA4F868004497D2 /* Path.hpp */ = {isa = PBXFileReference; fileEncoding = 4; lastKnownFileType = sourcecode.cpp.h; name = Path.hpp; path = src/Input/Path.hpp; sourceTree = SOURCE_ROOT; };
		32E1F2E51DCA47BE00A1782C /* DurationList.cpp */ = {isa = PBXFileReference; fileEncoding = 4; lastKnownFileType = sourcecode.cpp.cpp; name = DurationList.cpp; path = src/Kbest/DurationList.cpp; sourceTree = SOURCE_ROOT; };
		32E1F2E61DCA47BE00A1782C /* DurationList.hpp */ = {isa = PBXFileReference; fileEncoding = 4; lastKnownFileType = sourcecode.cpp.h; name = DurationList.hpp; path = src/Kbest/DurationList.hpp; sourceTree = SOURCE_ROOT; };
		32E712201DDDB13F00FC1D64 /* schemas */ = {isa = PBXFileReference; explicitFileType = "compiled.mach-o.executable"; includeInIndex = 0; path = schemas; sourceTree = BUILT_PRODUCTS_DIR; };
		32E712211DDDB1AA00FC1D64 /* schemas.cpp */ = {isa = PBXFileReference; fileEncoding = 4; lastKnownFileType = sourcecode.cpp.cpp; name = schemas.cpp; path = schemas/schemas.cpp; sourceTree = "<group>"; };
		32EBB0AD1DA3B36F00D2CBA8 /* Weight.cpp */ = {isa = PBXFileReference; fileEncoding = 4; lastKnownFileType = sourcecode.cpp.cpp; name = Weight.cpp; path = src/Schemata/Weight.cpp; sourceTree = SOURCE_ROOT; };
		32EBB0AE1DA3B36F00D2CBA8 /* Weight.hpp */ = {isa = PBXFileReference; fileEncoding = 4; lastKnownFileType = sourcecode.cpp.h; name = Weight.hpp; path = src/Schemata/Weight.hpp; sourceTree = SOURCE_ROOT; };
/* End PBXFileReference section */

/* Begin PBXFrameworksBuildPhase section */
		3205BCC91DDC938D005ADC89 /* Frameworks */ = {
			isa = PBXFrameworksBuildPhase;
			buildActionMask = 2147483647;
			files = (
			);
			runOnlyForDeploymentPostprocessing = 0;
		};
		324E4EB81D9FC3B000114F39 /* Frameworks */ = {
			isa = PBXFrameworksBuildPhase;
			buildActionMask = 2147483647;
			files = (
			);
			runOnlyForDeploymentPostprocessing = 0;
		};
		32E7121B1DDDB13F00FC1D64 /* Frameworks */ = {
			isa = PBXFrameworksBuildPhase;
			buildActionMask = 2147483647;
			files = (
			);
			runOnlyForDeploymentPostprocessing = 0;
		};
/* End PBXFrameworksBuildPhase section */

/* Begin PBXGroup section */
		3205BCA51DDC92CD005ADC89 /* Frameworks */ = {
			isa = PBXGroup;
			children = (
				3205BCA61DDC92CD005ADC89 /* NotificationCenter.framework */,
			);
			name = Frameworks;
			sourceTree = "<group>";
		};
		324E4EB21D9FC3B000114F39 = {
			isa = PBXGroup;
			children = (
				32C08BF31DDC9A6F0097158D /* equiv.cpp */,
				324E4EBE1D9FC3B100114F39 /* qparse.cpp */,
				32E712211DDDB1AA00FC1D64 /* schemas.cpp */,
				324E4EBD1D9FC3B100114F39 /* Sources */,
				3205BCA51DDC92CD005ADC89 /* Frameworks */,
				324E4EBC1D9FC3B100114F39 /* Products */,
			);
			sourceTree = "<group>";
		};
		324E4EBC1D9FC3B100114F39 /* Products */ = {
			isa = PBXGroup;
			children = (
				324E4EBB1D9FC3B100114F39 /* qparse */,
				3205BCCE1DDC938D005ADC89 /* equiv */,
				32E712201DDDB13F00FC1D64 /* schemas */,
			);
			name = Products;
			sourceTree = "<group>";
		};
		324E4EBD1D9FC3B100114F39 /* Sources */ = {
			isa = PBXGroup;
			children = (
				3234444A1DBA62E20066FBDC /* CONSTANT.h */,
				327AEFD91DD8BF70005354D8 /* Input */,
				327AEFDB1DD8BFF4005354D8 /* Schemata */,
				327AEFDC1DD8C005005354D8 /* Kbest */,
				327AEFDA1DD8BFB0005354D8 /* Output */,
			);
			name = Sources;
			path = qparse;
			sourceTree = "<group>";
		};
		327AEFD91DD8BF70005354D8 /* Input */ = {
			isa = PBXGroup;
			children = (
				3262BBD91DA63E7200796318 /* Segment.hpp */,
				3262BBD81DA63E7200796318 /* Segment.cpp */,
				32D939651DA4F868004497D2 /* Path.hpp */,
				32D939641DA4F867004497D2 /* Path.cpp */,
				3251215B1DA40E4800D2C789 /* Distance.hpp */,
				3251215A1DA40E4800D2C789 /* Distance.cpp */,
				3262BBDF1DA6415900796318 /* Event.hpp */,
				3262BBDE1DA6415900796318 /* Event.cpp */,
			);
			name = Input;
			sourceTree = "<group>";
		};
		327AEFDA1DD8BFB0005354D8 /* Output */ = {
			isa = PBXGroup;
			children = (
				320085B21DC9FBC500CF04C4 /* Rational.hpp */,
				320085B11DC9FBC500CF04C4 /* Rational.cpp */,
				325F85B11DDCC7490053A732 /* RT.hpp */,
				325F85B01DDCC7490053A732 /* RT.cpp */,
				3291851D1DBE1DD2008FFE31 /* Label.hpp */,
				3291851C1DBE1DD2008FFE31 /* Label.cpp */,
			);
			name = Output;
			sourceTree = "<group>";
		};
		327AEFDB1DD8BFF4005354D8 /* Schemata */ = {
			isa = PBXGroup;
			children = (
				32EBB0AE1DA3B36F00D2CBA8 /* Weight.hpp */,
				32EBB0AD1DA3B36F00D2CBA8 /* Weight.cpp */,
				325121551DA4065600D2C789 /* WTA.hpp */,
				325121541DA4065600D2C789 /* WTA.cpp */,
				323C42551DB40F960037D0B1 /* ComboWTA.hpp */,
				323C42541DB40F960037D0B1 /* ComboWTA.cpp */,
				326133481DDB5D4C0031F903 /* ValueWTA.hpp */,
				326133471DDB5D4C0031F903 /* ValueWTA.cpp */,
				324C96D31DD0DC960076F966 /* SubdivisionSchema.hpp */,
				324C96D21DD0DC960076F966 /* SubdivisionSchema.cpp */,
				327AEFDE1DD8C34F005354D8 /* Complexity.hpp */,
				327AEFDD1DD8C34F005354D8 /* Complexity.cpp */,
			);
			name = Schemata;
			sourceTree = "<group>";
		};
		327AEFDC1DD8C005005354D8 /* Kbest */ = {
			isa = PBXGroup;
			children = (
				320D8B691DBAA81A00767573 /* Kbest.hpp */,
				32E1F2E61DCA47BE00A1782C /* DurationList.hpp */,
				32E1F2E51DCA47BE00A1782C /* DurationList.cpp */,
				3215A7A11DBE5CCC00C2D868 /* Run.hpp */,
				3215A7A01DBE5CCC00C2D868 /* Run.cpp */,
			);
			name = Kbest;
			sourceTree = "<group>";
		};
/* End PBXGroup section */

/* Begin PBXNativeTarget section */
		3205BCB81DDC938D005ADC89 /* equiv */ = {
			isa = PBXNativeTarget;
			buildConfigurationList = 3205BCCB1DDC938D005ADC89 /* Build configuration list for PBXNativeTarget "equiv" */;
			buildPhases = (
				3205BCB91DDC938D005ADC89 /* Sources */,
				3205BCC91DDC938D005ADC89 /* Frameworks */,
				3205BCCA1DDC938D005ADC89 /* CopyFiles */,
			);
			buildRules = (
			);
			dependencies = (
			);
			name = equiv;
			productName = qparse;
			productReference = 3205BCCE1DDC938D005ADC89 /* equiv */;
			productType = "com.apple.product-type.tool";
		};
		324E4EBA1D9FC3B000114F39 /* qparse */ = {
			isa = PBXNativeTarget;
			buildConfigurationList = 324E4EC21D9FC3B100114F39 /* Build configuration list for PBXNativeTarget "qparse" */;
			buildPhases = (
				324E4EB71D9FC3B000114F39 /* Sources */,
				324E4EB81D9FC3B000114F39 /* Frameworks */,
				324E4EB91D9FC3B000114F39 /* CopyFiles */,
			);
			buildRules = (
			);
			dependencies = (
			);
			name = qparse;
			productName = qparse;
			productReference = 324E4EBB1D9FC3B100114F39 /* qparse */;
			productType = "com.apple.product-type.tool";
		};
		32E7120A1DDDB13F00FC1D64 /* schemas */ = {
			isa = PBXNativeTarget;
			buildConfigurationList = 32E7121D1DDDB13F00FC1D64 /* Build configuration list for PBXNativeTarget "schemas" */;
			buildPhases = (
				32E7120B1DDDB13F00FC1D64 /* Sources */,
				32E7121B1DDDB13F00FC1D64 /* Frameworks */,
				32E7121C1DDDB13F00FC1D64 /* CopyFiles */,
			);
			buildRules = (
			);
			dependencies = (
			);
			name = schemas;
			productName = qparse;
			productReference = 32E712201DDDB13F00FC1D64 /* schemas */;
			productType = "com.apple.product-type.tool";
		};
/* End PBXNativeTarget section */

/* Begin PBXProject section */
		324E4EB31D9FC3B000114F39 /* Project object */ = {
			isa = PBXProject;
			attributes = {
				LastUpgradeCheck = 0810;
				ORGANIZATIONNAME = "Florent Jacquemard";
				TargetAttributes = {
					324E4EBA1D9FC3B000114F39 = {
						CreatedOnToolsVersion = 8.0;
						ProvisioningStyle = Automatic;
					};
				};
			};
			buildConfigurationList = 324E4EB61D9FC3B000114F39 /* Build configuration list for PBXProject "qparse" */;
			compatibilityVersion = "Xcode 3.2";
			developmentRegion = English;
			hasScannedForEncodings = 0;
			knownRegions = (
				en,
				Base,
			);
			mainGroup = 324E4EB21D9FC3B000114F39;
			productRefGroup = 324E4EBC1D9FC3B100114F39 /* Products */;
			projectDirPath = "";
			projectRoot = "";
			targets = (
				324E4EBA1D9FC3B000114F39 /* qparse */,
				3205BCB81DDC938D005ADC89 /* equiv */,
				32E7120A1DDDB13F00FC1D64 /* schemas */,
			);
		};
/* End PBXProject section */

/* Begin PBXSourcesBuildPhase section */
		3205BCB91DDC938D005ADC89 /* Sources */ = {
			isa = PBXSourcesBuildPhase;
			buildActionMask = 2147483647;
			files = (
				32C08BF61DDCB0540097158D /* Label.cpp in Sources */,
				3205BCBA1DDC938D005ADC89 /* Rational.cpp in Sources */,
				3205BCBC1DDC938D005ADC89 /* Run.cpp in Sources */,
				3205BCBE1DDC938D005ADC89 /* DurationList.cpp in Sources */,
				3205BCC21DDC938D005ADC89 /* ValueWTA.cpp in Sources */,
				3205BCC41DDC938D005ADC89 /* Weight.cpp in Sources */,
				3205BCC51DDC938D005ADC89 /* WTA.cpp in Sources */,
				325F85B31DDCCF9D0053A732 /* RT.cpp in Sources */,
				32C08BF51DDC9A830097158D /* equiv.cpp in Sources */,
			);
			runOnlyForDeploymentPostprocessing = 0;
		};
		324E4EB71D9FC3B000114F39 /* Sources */ = {
			isa = PBXSourcesBuildPhase;
			buildActionMask = 2147483647;
			files = (
				32E712221DDDB1AA00FC1D64 /* schemas.cpp in Sources */,
				3291851E1DBE1DD2008FFE31 /* Label.cpp in Sources */,
				320085B31DC9FBC500CF04C4 /* Rational.cpp in Sources */,
				3215A7A21DBE5CCC00C2D868 /* Run.cpp in Sources */,
				327AEFDF1DD8C34F005354D8 /* Complexity.cpp in Sources */,
				32E1F2E71DCA47BE00A1782C /* DurationList.cpp in Sources */,
				325F85B21DDCC7490053A732 /* RT.cpp in Sources */,
				3262BBE01DA6415900796318 /* Event.cpp in Sources */,
				324C96D41DD0DC960076F966 /* SubdivisionSchema.cpp in Sources */,
				323C42561DB40F960037D0B1 /* ComboWTA.cpp in Sources */,
				32EBB0AF1DA3B36F00D2CBA8 /* Weight.cpp in Sources */,
				325121561DA4065600D2C789 /* WTA.cpp in Sources */,
				32D939661DA4F868004497D2 /* Path.cpp in Sources */,
				3251215C1DA40E4800D2C789 /* Distance.cpp in Sources */,
				3262BBDA1DA63E7200796318 /* Segment.cpp in Sources */,
				324E4EBF1D9FC3B100114F39 /* qparse.cpp in Sources */,
			);
			runOnlyForDeploymentPostprocessing = 0;
		};
		32E7120B1DDDB13F00FC1D64 /* Sources */ = {
			isa = PBXSourcesBuildPhase;
			buildActionMask = 2147483647;
			files = (
				32E7120C1DDDB13F00FC1D64 /* Label.cpp in Sources */,
				32E7120D1DDDB13F00FC1D64 /* Rational.cpp in Sources */,
				32E7120E1DDDB13F00FC1D64 /* Run.cpp in Sources */,
				32E7120F1DDDB13F00FC1D64 /* Complexity.cpp in Sources */,
				32E712101DDDB13F00FC1D64 /* DurationList.cpp in Sources */,
				32E712111DDDB13F00FC1D64 /* RT.cpp in Sources */,
				32E712121DDDB13F00FC1D64 /* Event.cpp in Sources */,
				32E712131DDDB13F00FC1D64 /* SubdivisionSchema.cpp in Sources */,
				32E712151DDDB13F00FC1D64 /* Weight.cpp in Sources */,
				32E712161DDDB13F00FC1D64 /* WTA.cpp in Sources */,
				32E712231DDDB1DD00FC1D64 /* schemas.cpp in Sources */,
			);
			runOnlyForDeploymentPostprocessing = 0;
		};
/* End PBXSourcesBuildPhase section */

/* Begin XCBuildConfiguration section */
		3205BCCC1DDC938D005ADC89 /* Debug */ = {
			isa = XCBuildConfiguration;
			buildSettings = {
				PRODUCT_NAME = "$(TARGET_NAME)";
			};
			name = Debug;
		};
		3205BCCD1DDC938D005ADC89 /* Release */ = {
			isa = XCBuildConfiguration;
			buildSettings = {
				PRODUCT_NAME = "$(TARGET_NAME)";
			};
			name = Release;
		};
		324E4EC01D9FC3B100114F39 /* Debug */ = {
			isa = XCBuildConfiguration;
			buildSettings = {
				ALWAYS_SEARCH_USER_PATHS = NO;
				CLANG_ANALYZER_NONNULL = YES;
				CLANG_CXX_LANGUAGE_STANDARD = "gnu++0x";
				CLANG_CXX_LIBRARY = "libc++";
				CLANG_ENABLE_MODULES = YES;
				CLANG_ENABLE_OBJC_ARC = YES;
				CLANG_WARN_BOOL_CONVERSION = YES;
				CLANG_WARN_CONSTANT_CONVERSION = YES;
				CLANG_WARN_DIRECT_OBJC_ISA_USAGE = YES_ERROR;
				CLANG_WARN_DOCUMENTATION_COMMENTS = YES;
				CLANG_WARN_EMPTY_BODY = YES;
				CLANG_WARN_ENUM_CONVERSION = YES;
				CLANG_WARN_INFINITE_RECURSION = YES;
				CLANG_WARN_INT_CONVERSION = YES;
				CLANG_WARN_OBJC_ROOT_CLASS = YES_ERROR;
				CLANG_WARN_SUSPICIOUS_MOVE = YES;
				CLANG_WARN_SUSPICIOUS_MOVES = YES;
				CLANG_WARN_UNREACHABLE_CODE = YES;
				CLANG_WARN__DUPLICATE_METHOD_MATCH = YES;
				CODE_SIGN_IDENTITY = "-";
				COPY_PHASE_STRIP = NO;
				DEBUG_INFORMATION_FORMAT = dwarf;
				ENABLE_STRICT_OBJC_MSGSEND = YES;
				ENABLE_TESTABILITY = YES;
				GCC_C_LANGUAGE_STANDARD = gnu99;
				GCC_DYNAMIC_NO_PIC = NO;
				GCC_NO_COMMON_BLOCKS = YES;
				GCC_OPTIMIZATION_LEVEL = 0;
				GCC_PREPROCESSOR_DEFINITIONS = (
					"DEBUG=1",
					"$(inherited)",
				);
				GCC_WARN_64_TO_32_BIT_CONVERSION = YES;
				GCC_WARN_ABOUT_RETURN_TYPE = YES_ERROR;
				GCC_WARN_UNDECLARED_SELECTOR = YES;
				GCC_WARN_UNINITIALIZED_AUTOS = YES_AGGRESSIVE;
				GCC_WARN_UNUSED_FUNCTION = YES;
				GCC_WARN_UNUSED_VARIABLE = YES;
				MACOSX_DEPLOYMENT_TARGET = 10.11;
				MTL_ENABLE_DEBUG_INFO = YES;
				ONLY_ACTIVE_ARCH = YES;
				SDKROOT = macosx;
			};
			name = Debug;
		};
		324E4EC11D9FC3B100114F39 /* Release */ = {
			isa = XCBuildConfiguration;
			buildSettings = {
				ALWAYS_SEARCH_USER_PATHS = NO;
				CLANG_ANALYZER_NONNULL = YES;
				CLANG_CXX_LANGUAGE_STANDARD = "gnu++0x";
				CLANG_CXX_LIBRARY = "libc++";
				CLANG_ENABLE_MODULES = YES;
				CLANG_ENABLE_OBJC_ARC = YES;
				CLANG_WARN_BOOL_CONVERSION = YES;
				CLANG_WARN_CONSTANT_CONVERSION = YES;
				CLANG_WARN_DIRECT_OBJC_ISA_USAGE = YES_ERROR;
				CLANG_WARN_DOCUMENTATION_COMMENTS = YES;
				CLANG_WARN_EMPTY_BODY = YES;
				CLANG_WARN_ENUM_CONVERSION = YES;
				CLANG_WARN_INFINITE_RECURSION = YES;
				CLANG_WARN_INT_CONVERSION = YES;
				CLANG_WARN_OBJC_ROOT_CLASS = YES_ERROR;
				CLANG_WARN_SUSPICIOUS_MOVE = YES;
				CLANG_WARN_SUSPICIOUS_MOVES = YES;
				CLANG_WARN_UNREACHABLE_CODE = YES;
				CLANG_WARN__DUPLICATE_METHOD_MATCH = YES;
				CODE_SIGN_IDENTITY = "-";
				COPY_PHASE_STRIP = NO;
				DEBUG_INFORMATION_FORMAT = "dwarf-with-dsym";
				ENABLE_NS_ASSERTIONS = NO;
				ENABLE_STRICT_OBJC_MSGSEND = YES;
				GCC_C_LANGUAGE_STANDARD = gnu99;
				GCC_NO_COMMON_BLOCKS = YES;
				GCC_WARN_64_TO_32_BIT_CONVERSION = YES;
				GCC_WARN_ABOUT_RETURN_TYPE = YES_ERROR;
				GCC_WARN_UNDECLARED_SELECTOR = YES;
				GCC_WARN_UNINITIALIZED_AUTOS = YES_AGGRESSIVE;
				GCC_WARN_UNUSED_FUNCTION = YES;
				GCC_WARN_UNUSED_VARIABLE = YES;
				MACOSX_DEPLOYMENT_TARGET = 10.11;
				MTL_ENABLE_DEBUG_INFO = NO;
				SDKROOT = macosx;
			};
			name = Release;
		};
		324E4EC31D9FC3B100114F39 /* Debug */ = {
			isa = XCBuildConfiguration;
			buildSettings = {
				PRODUCT_NAME = "$(TARGET_NAME)";
			};
			name = Debug;
		};
		324E4EC41D9FC3B100114F39 /* Release */ = {
			isa = XCBuildConfiguration;
			buildSettings = {
				PRODUCT_NAME = "$(TARGET_NAME)";
			};
			name = Release;
		};
		32E7121E1DDDB13F00FC1D64 /* Debug */ = {
			isa = XCBuildConfiguration;
			buildSettings = {
				PRODUCT_NAME = "$(TARGET_NAME)";
			};
			name = Debug;
		};
		32E7121F1DDDB13F00FC1D64 /* Release */ = {
			isa = XCBuildConfiguration;
			buildSettings = {
				PRODUCT_NAME = "$(TARGET_NAME)";
			};
			name = Release;
		};
/* End XCBuildConfiguration section */

/* Begin XCConfigurationList section */
		3205BCCB1DDC938D005ADC89 /* Build configuration list for PBXNativeTarget "equiv" */ = {
			isa = XCConfigurationList;
			buildConfigurations = (
				3205BCCC1DDC938D005ADC89 /* Debug */,
				3205BCCD1DDC938D005ADC89 /* Release */,
			);
			defaultConfigurationIsVisible = 0;
			defaultConfigurationName = Release;
		};
		324E4EB61D9FC3B000114F39 /* Build configuration list for PBXProject "qparse" */ = {
			isa = XCConfigurationList;
			buildConfigurations = (
				324E4EC01D9FC3B100114F39 /* Debug */,
				324E4EC11D9FC3B100114F39 /* Release */,
			);
			defaultConfigurationIsVisible = 0;
			defaultConfigurationName = Release;
		};
		324E4EC21D9FC3B100114F39 /* Build configuration list for PBXNativeTarget "qparse" */ = {
			isa = XCConfigurationList;
			buildConfigurations = (
				324E4EC31D9FC3B100114F39 /* Debug */,
				324E4EC41D9FC3B100114F39 /* Release */,
			);
			defaultConfigurationIsVisible = 0;
			defaultConfigurationName = Release;
		};
		32E7121D1DDDB13F00FC1D64 /* Build configuration list for PBXNativeTarget "schemas" */ = {
			isa = XCConfigurationList;
			buildConfigurations = (
				32E7121E1DDDB13F00FC1D64 /* Debug */,
				32E7121F1DDDB13F00FC1D64 /* Release */,
			);
			defaultConfigurationIsVisible = 0;
			defaultConfigurationName = Release;
		};
/* End XCConfigurationList section */
	};
	rootObject = 324E4EB31D9FC3B000114F39 /* Project object */;
}
